
Microsoft Visual Studio Solution File, Format Version 12.00
# Visual Studio Version 16
VisualStudioVersion = 16.0.31624.102
MinimumVisualStudioVersion = 10.0.40219.1
Project("{FAE04EC0-301F-11D3-BF4B-00C04F79EFBC}") = "Antra.HotelManagement.ConsoleApp", "Antra.HotelManagement.ConsoleApp\Antra.HotelManagement.ConsoleApp.csproj", "{2A44B13E-C49C-4D29-B71F-D3289D06717F}"
EndProject
Project("{FAE04EC0-301F-11D3-BF4B-00C04F79EFBC}") = "Antra.HotelManagement.Data.Model", "Antra.HotelManagement.Data.Model\Antra.HotelManagement.Data.Model.csproj", "{96C6026E-35D7-44F5-84EF-4A86D1E34067}"
EndProject
Project("{FAE04EC0-301F-11D3-BF4B-00C04F79EFBC}") = "Antra.HotelManagement.Data.Repository", "Antra.HotelManagement.Data.Repository\Antra.HotelManagement.Data.Repository.csproj", "{4043C255-6D9C-4665-90F7-CDAC1E4B43A4}"
EndProject
Global
	GlobalSection(SolutionConfigurationPlatforms) = preSolution
		Debug|Any CPU = Debug|Any CPU
		Release|Any CPU = Release|Any CPU
	EndGlobalSection
	GlobalSection(ProjectConfigurationPlatforms) = postSolution
		{2A44B13E-C49C-4D29-B71F-D3289D06717F}.Debug|Any CPU.ActiveCfg = Debug|Any CPU
		{2A44B13E-C49C-4D29-B71F-D3289D06717F}.Debug|Any CPU.Build.0 = Debug|Any CPU
		{2A44B13E-C49C-4D29-B71F-D3289D06717F}.Release|Any CPU.ActiveCfg = Release|Any CPU
		{2A44B13E-C49C-4D29-B71F-D3289D06717F}.Release|Any CPU.Build.0 = Release|Any CPU
		{96C6026E-35D7-44F5-84EF-4A86D1E34067}.Debug|Any CPU.ActiveCfg = Debug|Any CPU
		{96C6026E-35D7-44F5-84EF-4A86D1E34067}.Debug|Any CPU.Build.0 = Debug|Any CPU
		{96C6026E-35D7-44F5-84EF-4A86D1E34067}.Release|Any CPU.ActiveCfg = Release|Any CPU
		{96C6026E-35D7-44F5-84EF-4A86D1E34067}.Release|Any CPU.Build.0 = Release|Any CPU
		{4043C255-6D9C-4665-90F7-CDAC1E4B43A4}.Debug|Any CPU.ActiveCfg = Debug|Any CPU
		{4043C255-6D9C-4665-90F7-CDAC1E4B43A4}.Debug|Any CPU.Build.0 = Debug|Any CPU
		{4043C255-6D9C-4665-90F7-CDAC1E4B43A4}.Release|Any CPU.ActiveCfg = Release|Any CPU
		{4043C255-6D9C-4665-90F7-CDAC1E4B43A4}.Release|Any CPU.Build.0 = Release|Any CPU
	EndGlobalSection
	GlobalSection(SolutionProperties) = preSolution
		HideSolutionNode = FALSE
	EndGlobalSection
	GlobalSection(ExtensibilityGlobals) = postSolution
		SolutionGuid = {C7E06B8B-78B4-4049-92CE-2CC100B48A7D}
	EndGlobalSection
EndGlobal
